
Microsoft Visual Studio Solution File, Format Version 12.00
# Visual Studio Version 17
VisualStudioVersion = 17.0.31903.59
MinimumVisualStudioVersion = 10.0.40219.1
Project("{2150E333-8FDC-42A3-9474-1A3956D46DE8}") = "src", "src", "{827E0CD3-B72D-47B6-A68D-7590B98EB39B}"
EndProject
Project("{FAE04EC0-301F-11D3-BF4B-00C04F79EFBC}") = "BookRec.Domain", "src\BookRec.Domain\BookRec.Domain.csproj", "{F338DC4C-5ED5-4037-AA8B-708CCA2DFADB}"
EndProject
Project("{FAE04EC0-301F-11D3-BF4B-00C04F79EFBC}") = "BookRec.Application", "src\BookRec.Application\BookRec.Application.csproj", "{3D4114E1-6A2C-48F2-9E69-756FA29EB2D9}"
EndProject
Project("{FAE04EC0-301F-11D3-BF4B-00C04F79EFBC}") = "BookRec.Infrastructure", "src\BookRec.Infrastructure\BookRec.Infrastructure.csproj", "{618F5D97-783D-4D69-B740-F438E2F2FCED}"
EndProject
Project("{FAE04EC0-301F-11D3-BF4B-00C04F79EFBC}") = "BookRec.Api", "src\BookRec.Api\BookRec.Api.csproj", "{499BE3CB-BED0-46E9-94BE-6F269ADA9A2E}"
EndProject
Project("{2150E333-8FDC-42A3-9474-1A3956D46DE8}") = "tests", "tests", "{0AB3BF05-4346-4AA6-1389-037BE0695223}"
EndProject
Project("{FAE04EC0-301F-11D3-BF4B-00C04F79EFBC}") = "BookRec.Domain.Tests", "tests\BookRec.Domain.Tests\BookRec.Domain.Tests.csproj", "{80D50D3B-C058-4E13-83A7-5B66812FAFB0}"
EndProject
Project("{FAE04EC0-301F-11D3-BF4B-00C04F79EFBC}") = "BookRec.Application.Tests", "tests\BookRec.Application.Tests\BookRec.Application.Tests.csproj", "{08848858-024C-4573-9076-42BF1D5F4F35}"
EndProject
Project("{FAE04EC0-301F-11D3-BF4B-00C04F79EFBC}") = "BookRec.Infrastructure.Tests", "tests\BookRec.Infrastructure.Tests\BookRec.Infrastructure.Tests.csproj", "{2417FD05-F800-4EE9-B932-993894C258F9}"
EndProject
Global
	GlobalSection(SolutionConfigurationPlatforms) = preSolution
		Debug|Any CPU = Debug|Any CPU
		Debug|x64 = Debug|x64
		Debug|x86 = Debug|x86
		Release|Any CPU = Release|Any CPU
		Release|x64 = Release|x64
		Release|x86 = Release|x86
	EndGlobalSection
	GlobalSection(ProjectConfigurationPlatforms) = postSolution
		{F338DC4C-5ED5-4037-AA8B-708CCA2DFADB}.Debug|Any CPU.ActiveCfg = Debug|Any CPU
		{F338DC4C-5ED5-4037-AA8B-708CCA2DFADB}.Debug|Any CPU.Build.0 = Debug|Any CPU
		{F338DC4C-5ED5-4037-AA8B-708CCA2DFADB}.Debug|x64.ActiveCfg = Debug|Any CPU
		{F338DC4C-5ED5-4037-AA8B-708CCA2DFADB}.Debug|x64.Build.0 = Debug|Any CPU
		{F338DC4C-5ED5-4037-AA8B-708CCA2DFADB}.Debug|x86.ActiveCfg = Debug|Any CPU
		{F338DC4C-5ED5-4037-AA8B-708CCA2DFADB}.Debug|x86.Build.0 = Debug|Any CPU
		{F338DC4C-5ED5-4037-AA8B-708CCA2DFADB}.Release|Any CPU.ActiveCfg = Release|Any CPU
		{F338DC4C-5ED5-4037-AA8B-708CCA2DFADB}.Release|Any CPU.Build.0 = Release|Any CPU
		{F338DC4C-5ED5-4037-AA8B-708CCA2DFADB}.Release|x64.ActiveCfg = Release|Any CPU
		{F338DC4C-5ED5-4037-AA8B-708CCA2DFADB}.Release|x64.Build.0 = Release|Any CPU
		{F338DC4C-5ED5-4037-AA8B-708CCA2DFADB}.Release|x86.ActiveCfg = Release|Any CPU
		{F338DC4C-5ED5-4037-AA8B-708CCA2DFADB}.Release|x86.Build.0 = Release|Any CPU
		{3D4114E1-6A2C-48F2-9E69-756FA29EB2D9}.Debug|Any CPU.ActiveCfg = Debug|Any CPU
		{3D4114E1-6A2C-48F2-9E69-756FA29EB2D9}.Debug|Any CPU.Build.0 = Debug|Any CPU
		{3D4114E1-6A2C-48F2-9E69-756FA29EB2D9}.Debug|x64.ActiveCfg = Debug|Any CPU
		{3D4114E1-6A2C-48F2-9E69-756FA29EB2D9}.Debug|x64.Build.0 = Debug|Any CPU
		{3D4114E1-6A2C-48F2-9E69-756FA29EB2D9}.Debug|x86.ActiveCfg = Debug|Any CPU
		{3D4114E1-6A2C-48F2-9E69-756FA29EB2D9}.Debug|x86.Build.0 = Debug|Any CPU
		{3D4114E1-6A2C-48F2-9E69-756FA29EB2D9}.Release|Any CPU.ActiveCfg = Release|Any CPU
		{3D4114E1-6A2C-48F2-9E69-756FA29EB2D9}.Release|Any CPU.Build.0 = Release|Any CPU
		{3D4114E1-6A2C-48F2-9E69-756FA29EB2D9}.Release|x64.ActiveCfg = Release|Any CPU
		{3D4114E1-6A2C-48F2-9E69-756FA29EB2D9}.Release|x64.Build.0 = Release|Any CPU
		{3D4114E1-6A2C-48F2-9E69-756FA29EB2D9}.Release|x86.ActiveCfg = Release|Any CPU
		{3D4114E1-6A2C-48F2-9E69-756FA29EB2D9}.Release|x86.Build.0 = Release|Any CPU
		{618F5D97-783D-4D69-B740-F438E2F2FCED}.Debug|Any CPU.ActiveCfg = Debug|Any CPU
		{618F5D97-783D-4D69-B740-F438E2F2FCED}.Debug|Any CPU.Build.0 = Debug|Any CPU
		{618F5D97-783D-4D69-B740-F438E2F2FCED}.Debug|x64.ActiveCfg = Debug|Any CPU
		{618F5D97-783D-4D69-B740-F438E2F2FCED}.Debug|x64.Build.0 = Debug|Any CPU
		{618F5D97-783D-4D69-B740-F438E2F2FCED}.Debug|x86.ActiveCfg = Debug|Any CPU
		{618F5D97-783D-4D69-B740-F438E2F2FCED}.Debug|x86.Build.0 = Debug|Any CPU
		{618F5D97-783D-4D69-B740-F438E2F2FCED}.Release|Any CPU.ActiveCfg = Release|Any CPU
		{618F5D97-783D-4D69-B740-F438E2F2FCED}.Release|Any CPU.Build.0 = Release|Any CPU
		{618F5D97-783D-4D69-B740-F438E2F2FCED}.Release|x64.ActiveCfg = Release|Any CPU
		{618F5D97-783D-4D69-B740-F438E2F2FCED}.Release|x64.Build.0 = Release|Any CPU
		{618F5D97-783D-4D69-B740-F438E2F2FCED}.Release|x86.ActiveCfg = Release|Any CPU
		{618F5D97-783D-4D69-B740-F438E2F2FCED}.Release|x86.Build.0 = Release|Any CPU
		{499BE3CB-BED0-46E9-94BE-6F269ADA9A2E}.Debug|Any CPU.ActiveCfg = Debug|Any CPU
		{499BE3CB-BED0-46E9-94BE-6F269ADA9A2E}.Debug|Any CPU.Build.0 = Debug|Any CPU
		{499BE3CB-BED0-46E9-94BE-6F269ADA9A2E}.Debug|x64.ActiveCfg = Debug|Any CPU
		{499BE3CB-BED0-46E9-94BE-6F269ADA9A2E}.Debug|x64.Build.0 = Debug|Any CPU
		{499BE3CB-BED0-46E9-94BE-6F269ADA9A2E}.Debug|x86.ActiveCfg = Debug|Any CPU
		{499BE3CB-BED0-46E9-94BE-6F269ADA9A2E}.Debug|x86.Build.0 = Debug|Any CPU
		{499BE3CB-BED0-46E9-94BE-6F269ADA9A2E}.Release|Any CPU.ActiveCfg = Release|Any CPU
		{499BE3CB-BED0-46E9-94BE-6F269ADA9A2E}.Release|Any CPU.Build.0 = Release|Any CPU
		{499BE3CB-BED0-46E9-94BE-6F269ADA9A2E}.Release|x64.ActiveCfg = Release|Any CPU
		{499BE3CB-BED0-46E9-94BE-6F269ADA9A2E}.Release|x64.Build.0 = Release|Any CPU
		{499BE3CB-BED0-46E9-94BE-6F269ADA9A2E}.Release|x86.ActiveCfg = Release|Any CPU
		{499BE3CB-BED0-46E9-94BE-6F269ADA9A2E}.Release|x86.Build.0 = Release|Any CPU
		{80D50D3B-C058-4E13-83A7-5B66812FAFB0}.Debug|Any CPU.ActiveCfg = Debug|Any CPU
		{80D50D3B-C058-4E13-83A7-5B66812FAFB0}.Debug|Any CPU.Build.0 = Debug|Any CPU
		{80D50D3B-C058-4E13-83A7-5B66812FAFB0}.Debug|x64.ActiveCfg = Debug|Any CPU
		{80D50D3B-C058-4E13-83A7-5B66812FAFB0}.Debug|x64.Build.0 = Debug|Any CPU
		{80D50D3B-C058-4E13-83A7-5B66812FAFB0}.Debug|x86.ActiveCfg = Debug|Any CPU
		{80D50D3B-C058-4E13-83A7-5B66812FAFB0}.Debug|x86.Build.0 = Debug|Any CPU
		{80D50D3B-C058-4E13-83A7-5B66812FAFB0}.Release|Any CPU.ActiveCfg = Release|Any CPU
		{80D50D3B-C058-4E13-83A7-5B66812FAFB0}.Release|Any CPU.Build.0 = Release|Any CPU
		{80D50D3B-C058-4E13-83A7-5B66812FAFB0}.Release|x64.ActiveCfg = Release|Any CPU
		{80D50D3B-C058-4E13-83A7-5B66812FAFB0}.Release|x64.Build.0 = Release|Any CPU
		{80D50D3B-C058-4E13-83A7-5B66812FAFB0}.Release|x86.ActiveCfg = Release|Any CPU
		{80D50D3B-C058-4E13-83A7-5B66812FAFB0}.Release|x86.Build.0 = Release|Any CPU
		{08848858-024C-4573-9076-42BF1D5F4F35}.Debug|Any CPU.ActiveCfg = Debug|Any CPU
		{08848858-024C-4573-9076-42BF1D5F4F35}.Debug|Any CPU.Build.0 = Debug|Any CPU
		{08848858-024C-4573-9076-42BF1D5F4F35}.Debug|x64.ActiveCfg = Debug|Any CPU
		{08848858-024C-4573-9076-42BF1D5F4F35}.Debug|x64.Build.0 = Debug|Any CPU
		{08848858-024C-4573-9076-42BF1D5F4F35}.Debug|x86.ActiveCfg = Debug|Any CPU
		{08848858-024C-4573-9076-42BF1D5F4F35}.Debug|x86.Build.0 = Debug|Any CPU
		{08848858-024C-4573-9076-42BF1D5F4F35}.Release|Any CPU.ActiveCfg = Release|Any CPU
		{08848858-024C-4573-9076-42BF1D5F4F35}.Release|Any CPU.Build.0 = Release|Any CPU
		{08848858-024C-4573-9076-42BF1D5F4F35}.Release|x64.ActiveCfg = Release|Any CPU
		{08848858-024C-4573-9076-42BF1D5F4F35}.Release|x64.Build.0 = Release|Any CPU
		{08848858-024C-4573-9076-42BF1D5F4F35}.Release|x86.ActiveCfg = Release|Any CPU
		{08848858-024C-4573-9076-42BF1D5F4F35}.Release|x86.Build.0 = Release|Any CPU
		{2417FD05-F800-4EE9-B932-993894C258F9}.Debug|Any CPU.ActiveCfg = Debug|Any CPU
		{2417FD05-F800-4EE9-B932-993894C258F9}.Debug|Any CPU.Build.0 = Debug|Any CPU
		{2417FD05-F800-4EE9-B932-993894C258F9}.Debug|x64.ActiveCfg = Debug|Any CPU
		{2417FD05-F800-4EE9-B932-993894C258F9}.Debug|x64.Build.0 = Debug|Any CPU
		{2417FD05-F800-4EE9-B932-993894C258F9}.Debug|x86.ActiveCfg = Debug|Any CPU
		{2417FD05-F800-4EE9-B932-993894C258F9}.Debug|x86.Build.0 = Debug|Any CPU
		{2417FD05-F800-4EE9-B932-993894C258F9}.Release|Any CPU.ActiveCfg = Release|Any CPU
		{2417FD05-F800-4EE9-B932-993894C258F9}.Release|Any CPU.Build.0 = Release|Any CPU
		{2417FD05-F800-4EE9-B932-993894C258F9}.Release|x64.ActiveCfg = Release|Any CPU
		{2417FD05-F800-4EE9-B932-993894C258F9}.Release|x64.Build.0 = Release|Any CPU
		{2417FD05-F800-4EE9-B932-993894C258F9}.Release|x86.ActiveCfg = Release|Any CPU
		{2417FD05-F800-4EE9-B932-993894C258F9}.Release|x86.Build.0 = Release|Any CPU
	EndGlobalSection
	GlobalSection(SolutionProperties) = preSolution
		HideSolutionNode = FALSE
	EndGlobalSection
	GlobalSection(NestedProjects) = preSolution
		{F338DC4C-5ED5-4037-AA8B-708CCA2DFADB} = {827E0CD3-B72D-47B6-A68D-7590B98EB39B}
		{3D4114E1-6A2C-48F2-9E69-756FA29EB2D9} = {827E0CD3-B72D-47B6-A68D-7590B98EB39B}
		{618F5D97-783D-4D69-B740-F438E2F2FCED} = {827E0CD3-B72D-47B6-A68D-7590B98EB39B}
		{499BE3CB-BED0-46E9-94BE-6F269ADA9A2E} = {827E0CD3-B72D-47B6-A68D-7590B98EB39B}
		{80D50D3B-C058-4E13-83A7-5B66812FAFB0} = {0AB3BF05-4346-4AA6-1389-037BE0695223}
		{08848858-024C-4573-9076-42BF1D5F4F35} = {0AB3BF05-4346-4AA6-1389-037BE0695223}
		{2417FD05-F800-4EE9-B932-993894C258F9} = {0AB3BF05-4346-4AA6-1389-037BE0695223}
	EndGlobalSection
EndGlobal
